
Microsoft Visual Studio Solution File, Format Version 12.00
# Visual Studio Version 16
VisualStudioVersion = 16.0.29926.136
MinimumVisualStudioVersion = 10.0.40219.1
Project("{FAE04EC0-301F-11D3-BF4B-00C04F79EFBC}") = "WebApplication1", "WebApplication1\WebApplication1.csproj", "{56B96E0B-1B07-49AC-A6B1-B5C6408E9620}"
EndProject
Global
	GlobalSection(SolutionConfigurationPlatforms) = preSolution
		Debug|Any CPU = Debug|Any CPU
		Release|Any CPU = Release|Any CPU
	EndGlobalSection
	GlobalSection(ProjectConfigurationPlatforms) = postSolution
		{56B96E0B-1B07-49AC-A6B1-B5C6408E9620}.Debug|Any CPU.ActiveCfg = Debug|Any CPU
		{56B96E0B-1B07-49AC-A6B1-B5C6408E9620}.Debug|Any CPU.Build.0 = Debug|Any CPU
		{56B96E0B-1B07-49AC-A6B1-B5C6408E9620}.Release|Any CPU.ActiveCfg = Release|Any CPU
		{56B96E0B-1B07-49AC-A6B1-B5C6408E9620}.Release|Any CPU.Build.0 = Release|Any CPU
	EndGlobalSection
	GlobalSection(SolutionProperties) = preSolution
		HideSolutionNode = FALSE
	EndGlobalSection
	GlobalSection(ExtensibilityGlobals) = postSolution
		SolutionGuid = {44A0CD19-B46D-4E73-92AF-A776CB7AA031}
	EndGlobalSection
EndGlobal
